# THIS IS AN AUTOGENERATED FILE. DO NOT EDIT THIS FILE DIRECTLY.
# yarn lockfile v1


"@tanstack/query-core@5.66.4":
  version "5.66.4"
  resolved "https://registry.yarnpkg.com/@tanstack/query-core/-/query-core-5.66.4.tgz#44b87bff289466adbfa0de8daa5756cbd2d61c61"
  integrity sha512-skM/gzNX4shPkqmdTCSoHtJAPMTtmIJNS0hE+xwTTUVYwezArCT34NMermABmBVUg5Ls5aiUXEDXfqwR1oVkcA==

"@tanstack/react-query@^5.66.9":
  version "5.66.9"
  resolved "https://registry.yarnpkg.com/@tanstack/react-query/-/react-query-5.66.9.tgz#1c8be303adae59e9cee877490fbb2c23dfa26927"
  integrity sha512-NRI02PHJsP5y2gAuWKP+awamTIBFBSKMnO6UVzi03GTclmHHHInH5UzVgzi5tpu4+FmGfsdT7Umqegobtsp23A==
  dependencies:
    "@tanstack/query-core" "5.66.4"
